
Microsoft Visual Studio Solution File, Format Version 12.00
# Visual Studio Version 17
VisualStudioVersion = 17.14.36414.22
MinimumVisualStudioVersion = 10.0.40219.1
Project("{2150E333-8FDC-42A3-9474-1A3956D46DE8}") = "Task0", "Task0", "{02EA681E-C7D8-13C7-8484-4AC65E1B71E8}"
EndProject
Project("{FAE04EC0-301F-11D3-BF4B-00C04F79EFBC}") = "Tyuiu.GamaleevaYuA.Sprint0.Task0.V0", "Tyuiu.GamaleevaYuA.Sprint0.Task0.V0\Tyuiu.GamaleevaYuA.Sprint0.Task0.V0.csproj", "{1A13344F-9498-4BAB-9233-2C7A9212BD31}"
EndProject
Project("{2150E333-8FDC-42A3-9474-1A3956D46DE8}") = "Task1", "Task1", "{0C4A80DB-F891-45CC-B654-3D6D7DC487F7}"
EndProject
Project("{FAE04EC0-301F-11D3-BF4B-00C04F79EFBC}") = "Tyuiu.GamaleevaYuA.Sprint0.Task1.V0", "Tyuiu.GamaleevaYuA.Sprint0.Task1.V0\Tyuiu.GamaleevaYuA.Sprint0.Task1.V0.csproj", "{9CA5A97D-0DE2-49BF-AB9D-72E572D9D042}"
EndProject
Project("{2150E333-8FDC-42A3-9474-1A3956D46DE8}") = "Task2", "Task2", "{4F9F0230-E937-451E-BED0-CE8321956A12}"
EndProject
Project("{FAE04EC0-301F-11D3-BF4B-00C04F79EFBC}") = "Tyuiu.GamaleevaYuA.Sprint0.Task2.V0", "Tyuiu.GamaleevaYuA.Sprint0.Task2.V0\Tyuiu.GamaleevaYuA.Sprint0.Task2.V0.csproj", "{52F669EE-07E1-4842-AF9B-55347C11DB15}"
EndProject
Project("{FAE04EC0-301F-11D3-BF4B-00C04F79EFBC}") = "Tyuiu.GamaleevaYuA.Sprint0.Task2.V0.Lib", "Tyuiu.GamaleevaYuA.Sprint0.Task2.V0.Lib\Tyuiu.GamaleevaYuA.Sprint0.Task2.V0.Lib.csproj", "{A483AF34-72A2-4D16-BF6A-71AC26A5AE53}"
EndProject
Project("{FAE04EC0-301F-11D3-BF4B-00C04F79EFBC}") = "Tyuiu.GamaleevaYuA.Sprint0.Task2.V0.Test", "Tyuiu.GamaleevaYuA.Sprint0.Task2.V0.Test\Tyuiu.GamaleevaYuA.Sprint0.Task2.V0.Test.csproj", "{CBD807EB-FE8A-40B8-9AC6-522626F9FC05}"
EndProject
Project("{2150E333-8FDC-42A3-9474-1A3956D46DE8}") = "Task3", "Task3", "{C771A816-BA4A-4B30-9A04-3DD6605578FD}"
EndProject
Project("{FAE04EC0-301F-11D3-BF4B-00C04F79EFBC}") = "Tyuiu.GamaleevaYuA.Sprint0.Task3.V0", "Tyuiu.GamaleevaYuA.Sprint0.Task3.V0\Tyuiu.GamaleevaYuA.Sprint0.Task3.V0.csproj", "{93CC2E47-3925-4786-ADD0-BA9FFD2F7028}"
EndProject
Project("{FAE04EC0-301F-11D3-BF4B-00C04F79EFBC}") = "Tyuiu.GamaleevaYuA.Sprint0.Task3.V0.Lib", "Tyuiu.GamaleevaYuA.Sprint0.Task3.V0.Lib\Tyuiu.GamaleevaYuA.Sprint0.Task3.V0.Lib.csproj", "{80D0965B-2772-4B94-B1CB-7E64AA3E5100}"
EndProject
Project("{FAE04EC0-301F-11D3-BF4B-00C04F79EFBC}") = "Tyuiu.GamaleevaYuA.Sprint0.Task3.V0.Test", "Tyuiu.GamaleevaYuA.Sprint0.Task3.V0.Test\Tyuiu.GamaleevaYuA.Sprint0.Task3.V0.Test.csproj", "{F9991FE2-3692-4E27-BE40-EF74193D4A7C}"
EndProject
Project("{2150E333-8FDC-42A3-9474-1A3956D46DE8}") = "Task4", "Task4", "{34557333-019A-4DE6-8D55-9E829921E987}"
EndProject
Project("{FAE04EC0-301F-11D3-BF4B-00C04F79EFBC}") = "Tyuiu.GamaleevaYuA.Sprint0.Task4.V0", "Tyuiu.GamaleevaYuA.Sprint0.Task4.V0\Tyuiu.GamaleevaYuA.Sprint0.Task4.V0.csproj", "{65EFDADF-702F-4975-97F4-C44A49046AB6}"
EndProject
Project("{FAE04EC0-301F-11D3-BF4B-00C04F79EFBC}") = "Tyuiu.GamaleevaYuA.Sprint0.Task4.V0.Lib", "Tyuiu.GamaleevaYuA.Sprint0.Task4.V0.Lib\Tyuiu.GamaleevaYuA.Sprint0.Task4.V0.Lib.csproj", "{B1242EEC-2DD1-41ED-991A-604E0B177429}"
EndProject
Project("{FAE04EC0-301F-11D3-BF4B-00C04F79EFBC}") = "Tyuiu.GamaleevaYuA.Sprint0.Task4.V0.Test", "Tyuiu.GamaleevaYuA.Sprint0.Task4.V0.Test\Tyuiu.GamaleevaYuA.Sprint0.Task4.V0.Test.csproj", "{3DE4CA7F-884F-4B7B-9515-DAA8D660110F}"
EndProject
Project("{2150E333-8FDC-42A3-9474-1A3956D46DE8}") = "Task5", "Task5", "{31AE6FD4-578C-4CBB-86F8-3CED09C3EDA3}"
EndProject
Project("{FAE04EC0-301F-11D3-BF4B-00C04F79EFBC}") = "Tyuiu.GamaleevaYuA.Sprint0.Task5.V0", "Tyuiu.GamaleevaYuA.Sprint0.Task5.V0\Tyuiu.GamaleevaYuA.Sprint0.Task5.V0.csproj", "{67CCCDE0-CDA6-4357-A697-0B5B5C55EFD9}"
EndProject
Project("{FAE04EC0-301F-11D3-BF4B-00C04F79EFBC}") = "Tyuiu.GamaleevaYuA.Sprint0.Task5.V0.Lib", "Tyuiu.GamaleevaYuA.Sprint0.Task5.V0.Lib\Tyuiu.GamaleevaYuA.Sprint0.Task5.V0.Lib.csproj", "{987BD26B-A944-4AB1-8DEB-9F140CFDED1C}"
EndProject
Project("{FAE04EC0-301F-11D3-BF4B-00C04F79EFBC}") = "Tyuiu.GamaleevaYuA.Sprint0.Task5.V0.Test", "Tyuiu.GamaleevaYuA.Sprint0.Task5.V0.Test\Tyuiu.GamaleevaYuA.Sprint0.Task5.V0.Test.csproj", "{4FF4F3E8-88F8-4D20-A7A0-2395ED672BD7}"
EndProject
Global
	GlobalSection(SolutionConfigurationPlatforms) = preSolution
		Debug|Any CPU = Debug|Any CPU
		Release|Any CPU = Release|Any CPU
	EndGlobalSection
	GlobalSection(ProjectConfigurationPlatforms) = postSolution
		{1A13344F-9498-4BAB-9233-2C7A9212BD31}.Debug|Any CPU.ActiveCfg = Debug|Any CPU
		{1A13344F-9498-4BAB-9233-2C7A9212BD31}.Debug|Any CPU.Build.0 = Debug|Any CPU
		{1A13344F-9498-4BAB-9233-2C7A9212BD31}.Release|Any CPU.ActiveCfg = Release|Any CPU
		{1A13344F-9498-4BAB-9233-2C7A9212BD31}.Release|Any CPU.Build.0 = Release|Any CPU
		{9CA5A97D-0DE2-49BF-AB9D-72E572D9D042}.Debug|Any CPU.ActiveCfg = Debug|Any CPU
		{9CA5A97D-0DE2-49BF-AB9D-72E572D9D042}.Debug|Any CPU.Build.0 = Debug|Any CPU
		{9CA5A97D-0DE2-49BF-AB9D-72E572D9D042}.Release|Any CPU.ActiveCfg = Release|Any CPU
		{9CA5A97D-0DE2-49BF-AB9D-72E572D9D042}.Release|Any CPU.Build.0 = Release|Any CPU
		{52F669EE-07E1-4842-AF9B-55347C11DB15}.Debug|Any CPU.ActiveCfg = Debug|Any CPU
		{52F669EE-07E1-4842-AF9B-55347C11DB15}.Debug|Any CPU.Build.0 = Debug|Any CPU
		{52F669EE-07E1-4842-AF9B-55347C11DB15}.Release|Any CPU.ActiveCfg = Release|Any CPU
		{52F669EE-07E1-4842-AF9B-55347C11DB15}.Release|Any CPU.Build.0 = Release|Any CPU
		{A483AF34-72A2-4D16-BF6A-71AC26A5AE53}.Debug|Any CPU.ActiveCfg = Debug|Any CPU
		{A483AF34-72A2-4D16-BF6A-71AC26A5AE53}.Debug|Any CPU.Build.0 = Debug|Any CPU
		{A483AF34-72A2-4D16-BF6A-71AC26A5AE53}.Release|Any CPU.ActiveCfg = Release|Any CPU
		{A483AF34-72A2-4D16-BF6A-71AC26A5AE53}.Release|Any CPU.Build.0 = Release|Any CPU
		{CBD807EB-FE8A-40B8-9AC6-522626F9FC05}.Debug|Any CPU.ActiveCfg = Debug|Any CPU
		{CBD807EB-FE8A-40B8-9AC6-522626F9FC05}.Debug|Any CPU.Build.0 = Debug|Any CPU
		{CBD807EB-FE8A-40B8-9AC6-522626F9FC05}.Release|Any CPU.ActiveCfg = Release|Any CPU
		{CBD807EB-FE8A-40B8-9AC6-522626F9FC05}.Release|Any CPU.Build.0 = Release|Any CPU
		{93CC2E47-3925-4786-ADD0-BA9FFD2F7028}.Debug|Any CPU.ActiveCfg = Debug|Any CPU
		{93CC2E47-3925-4786-ADD0-BA9FFD2F7028}.Debug|Any CPU.Build.0 = Debug|Any CPU
		{93CC2E47-3925-4786-ADD0-BA9FFD2F7028}.Release|Any CPU.ActiveCfg = Release|Any CPU
		{93CC2E47-3925-4786-ADD0-BA9FFD2F7028}.Release|Any CPU.Build.0 = Release|Any CPU
		{80D0965B-2772-4B94-B1CB-7E64AA3E5100}.Debug|Any CPU.ActiveCfg = Debug|Any CPU
		{80D0965B-2772-4B94-B1CB-7E64AA3E5100}.Debug|Any CPU.Build.0 = Debug|Any CPU
		{80D0965B-2772-4B94-B1CB-7E64AA3E5100}.Release|Any CPU.ActiveCfg = Release|Any CPU
		{80D0965B-2772-4B94-B1CB-7E64AA3E5100}.Release|Any CPU.Build.0 = Release|Any CPU
		{F9991FE2-3692-4E27-BE40-EF74193D4A7C}.Debug|Any CPU.ActiveCfg = Debug|Any CPU
		{F9991FE2-3692-4E27-BE40-EF74193D4A7C}.Debug|Any CPU.Build.0 = Debug|Any CPU
		{F9991FE2-3692-4E27-BE40-EF74193D4A7C}.Release|Any CPU.ActiveCfg = Release|Any CPU
		{F9991FE2-3692-4E27-BE40-EF74193D4A7C}.Release|Any CPU.Build.0 = Release|Any CPU
		{65EFDADF-702F-4975-97F4-C44A49046AB6}.Debug|Any CPU.ActiveCfg = Debug|Any CPU
		{65EFDADF-702F-4975-97F4-C44A49046AB6}.Debug|Any CPU.Build.0 = Debug|Any CPU
		{65EFDADF-702F-4975-97F4-C44A49046AB6}.Release|Any CPU.ActiveCfg = Release|Any CPU
		{65EFDADF-702F-4975-97F4-C44A49046AB6}.Release|Any CPU.Build.0 = Release|Any CPU
		{B1242EEC-2DD1-41ED-991A-604E0B177429}.Debug|Any CPU.ActiveCfg = Debug|Any CPU
		{B1242EEC-2DD1-41ED-991A-604E0B177429}.Debug|Any CPU.Build.0 = Debug|Any CPU
		{B1242EEC-2DD1-41ED-991A-604E0B177429}.Release|Any CPU.ActiveCfg = Release|Any CPU
		{B1242EEC-2DD1-41ED-991A-604E0B177429}.Release|Any CPU.Build.0 = Release|Any CPU
		{3DE4CA7F-884F-4B7B-9515-DAA8D660110F}.Debug|Any CPU.ActiveCfg = Debug|Any CPU
		{3DE4CA7F-884F-4B7B-9515-DAA8D660110F}.Debug|Any CPU.Build.0 = Debug|Any CPU
		{3DE4CA7F-884F-4B7B-9515-DAA8D660110F}.Release|Any CPU.ActiveCfg = Release|Any CPU
		{3DE4CA7F-884F-4B7B-9515-DAA8D660110F}.Release|Any CPU.Build.0 = Release|Any CPU
		{67CCCDE0-CDA6-4357-A697-0B5B5C55EFD9}.Debug|Any CPU.ActiveCfg = Debug|Any CPU
		{67CCCDE0-CDA6-4357-A697-0B5B5C55EFD9}.Debug|Any CPU.Build.0 = Debug|Any CPU
		{67CCCDE0-CDA6-4357-A697-0B5B5C55EFD9}.Release|Any CPU.ActiveCfg = Release|Any CPU
		{67CCCDE0-CDA6-4357-A697-0B5B5C55EFD9}.Release|Any CPU.Build.0 = Release|Any CPU
		{987BD26B-A944-4AB1-8DEB-9F140CFDED1C}.Debug|Any CPU.ActiveCfg = Debug|Any CPU
		{987BD26B-A944-4AB1-8DEB-9F140CFDED1C}.Debug|Any CPU.Build.0 = Debug|Any CPU
		{987BD26B-A944-4AB1-8DEB-9F140CFDED1C}.Release|Any CPU.ActiveCfg = Release|Any CPU
		{987BD26B-A944-4AB1-8DEB-9F140CFDED1C}.Release|Any CPU.Build.0 = Release|Any CPU
		{4FF4F3E8-88F8-4D20-A7A0-2395ED672BD7}.Debug|Any CPU.ActiveCfg = Debug|Any CPU
		{4FF4F3E8-88F8-4D20-A7A0-2395ED672BD7}.Debug|Any CPU.Build.0 = Debug|Any CPU
		{4FF4F3E8-88F8-4D20-A7A0-2395ED672BD7}.Release|Any CPU.ActiveCfg = Release|Any CPU
		{4FF4F3E8-88F8-4D20-A7A0-2395ED672BD7}.Release|Any CPU.Build.0 = Release|Any CPU
	EndGlobalSection
	GlobalSection(SolutionProperties) = preSolution
		HideSolutionNode = FALSE
	EndGlobalSection
	GlobalSection(NestedProjects) = preSolution
		{1A13344F-9498-4BAB-9233-2C7A9212BD31} = {02EA681E-C7D8-13C7-8484-4AC65E1B71E8}
		{9CA5A97D-0DE2-49BF-AB9D-72E572D9D042} = {0C4A80DB-F891-45CC-B654-3D6D7DC487F7}
		{52F669EE-07E1-4842-AF9B-55347C11DB15} = {4F9F0230-E937-451E-BED0-CE8321956A12}
		{A483AF34-72A2-4D16-BF6A-71AC26A5AE53} = {4F9F0230-E937-451E-BED0-CE8321956A12}
		{CBD807EB-FE8A-40B8-9AC6-522626F9FC05} = {4F9F0230-E937-451E-BED0-CE8321956A12}
		{93CC2E47-3925-4786-ADD0-BA9FFD2F7028} = {C771A816-BA4A-4B30-9A04-3DD6605578FD}
		{80D0965B-2772-4B94-B1CB-7E64AA3E5100} = {C771A816-BA4A-4B30-9A04-3DD6605578FD}
		{F9991FE2-3692-4E27-BE40-EF74193D4A7C} = {C771A816-BA4A-4B30-9A04-3DD6605578FD}
		{65EFDADF-702F-4975-97F4-C44A49046AB6} = {34557333-019A-4DE6-8D55-9E829921E987}
		{B1242EEC-2DD1-41ED-991A-604E0B177429} = {34557333-019A-4DE6-8D55-9E829921E987}
		{3DE4CA7F-884F-4B7B-9515-DAA8D660110F} = {34557333-019A-4DE6-8D55-9E829921E987}
		{67CCCDE0-CDA6-4357-A697-0B5B5C55EFD9} = {31AE6FD4-578C-4CBB-86F8-3CED09C3EDA3}
		{987BD26B-A944-4AB1-8DEB-9F140CFDED1C} = {31AE6FD4-578C-4CBB-86F8-3CED09C3EDA3}
		{4FF4F3E8-88F8-4D20-A7A0-2395ED672BD7} = {31AE6FD4-578C-4CBB-86F8-3CED09C3EDA3}
	EndGlobalSection
	GlobalSection(ExtensibilityGlobals) = postSolution
		SolutionGuid = {2D3805CD-A2F9-4A2B-B2DC-F5A4CC9685BB}
	EndGlobalSection
EndGlobal
